
Microsoft Visual Studio Solution File, Format Version 12.00
# Visual Studio 2012
Project("{FAE04EC0-301F-11D3-BF4B-00C04F79EFBC}") = "StarDebrisApocalypse", "Engine\StarDebrisApocalypse.csproj", "{09AFDECA-E5F4-41D8-AB22-3491F9439138}"
EndProject
Global
	GlobalSection(TeamFoundationVersionControl) = preSolution
		SccNumberOfProjects = 2
		SccEnterpriseProvider = {4CA58AB2-18FA-4F8D-95D4-32DDF27D184C}
		SccTeamFoundationServer = https://yogi.visualstudio.com/defaultcollection
		SccLocalPath0 = .
		SccProjectUniqueName1 = Engine\\StarDebrisApocalypse.csproj
		SccProjectName1 = Engine
		SccLocalPath1 = Engine
	EndGlobalSection
	GlobalSection(SolutionConfigurationPlatforms) = preSolution
		Debug|Any CPU = Debug|Any CPU
		Release|Any CPU = Release|Any CPU
	EndGlobalSection
	GlobalSection(ProjectConfigurationPlatforms) = postSolution
		{09AFDECA-E5F4-41D8-AB22-3491F9439138}.Debug|Any CPU.ActiveCfg = Debug|Any CPU
		{09AFDECA-E5F4-41D8-AB22-3491F9439138}.Debug|Any CPU.Build.0 = Debug|Any CPU
		{09AFDECA-E5F4-41D8-AB22-3491F9439138}.Release|Any CPU.ActiveCfg = Release|Any CPU
		{09AFDECA-E5F4-41D8-AB22-3491F9439138}.Release|Any CPU.Build.0 = Release|Any CPU
	EndGlobalSection
	GlobalSection(SolutionProperties) = preSolution
		HideSolutionNode = FALSE
	EndGlobalSection
EndGlobal
